
Microsoft Visual Studio Solution File, Format Version 12.00
# Visual Studio Version 16
VisualStudioVersion = 16.0.30204.135
MinimumVisualStudioVersion = 10.0.40219.1
Project("{FAE04EC0-301F-11D3-BF4B-00C04F79EFBC}") = "AddingAndEditingXML-Files", "AddingAndEditingXML-Files.csproj", "{2BA6287D-E942-4F98-983A-838ECF27440B}"
EndProject
Global
	GlobalSection(SolutionConfigurationPlatforms) = preSolution
		Debug|Any CPU = Debug|Any CPU
		Release|Any CPU = Release|Any CPU
	EndGlobalSection
	GlobalSection(ProjectConfigurationPlatforms) = postSolution
		{2BA6287D-E942-4F98-983A-838ECF27440B}.Debug|Any CPU.ActiveCfg = Debug|Any CPU
		{2BA6287D-E942-4F98-983A-838ECF27440B}.Debug|Any CPU.Build.0 = Debug|Any CPU
		{2BA6287D-E942-4F98-983A-838ECF27440B}.Release|Any CPU.ActiveCfg = Release|Any CPU
		{2BA6287D-E942-4F98-983A-838ECF27440B}.Release|Any CPU.Build.0 = Release|Any CPU
	EndGlobalSection
	GlobalSection(SolutionProperties) = preSolution
		HideSolutionNode = FALSE
	EndGlobalSection
	GlobalSection(ExtensibilityGlobals) = postSolution
		SolutionGuid = {3993777A-F2D7-4532-96A4-C144AE0BF3E3}
	EndGlobalSection
EndGlobal
